
Microsoft Visual Studio Solution File, Format Version 10.00
# Visual C++ Express 2008
Project("{8BC9CEB8-8B4A-11D0-8D11-00A0C91BC942}") = "OpenTuner", "OpenTunerVC9.vcproj", "{D0DF8387-AE6E-4C96-A422-C7EB741AAFB3}"
EndProject
Global
	GlobalSection(SolutionConfigurationPlatforms) = preSolution
		Debug|Win32 = Debug|Win32
		fDebug|Win32 = fDebug|Win32
		fRelease|Win32 = fRelease|Win32
		Release|Win32 = Release|Win32
	EndGlobalSection
	GlobalSection(ProjectConfigurationPlatforms) = postSolution
		{D0DF8387-AE6E-4C96-A422-C7EB741AAFB3}.Debug|Win32.ActiveCfg = Debug|Win32
		{D0DF8387-AE6E-4C96-A422-C7EB741AAFB3}.Debug|Win32.Build.0 = Debug|Win32
		{D0DF8387-AE6E-4C96-A422-C7EB741AAFB3}.fDebug|Win32.ActiveCfg = fDebug|Win32
		{D0DF8387-AE6E-4C96-A422-C7EB741AAFB3}.fDebug|Win32.Build.0 = fDebug|Win32
		{D0DF8387-AE6E-4C96-A422-C7EB741AAFB3}.fRelease|Win32.ActiveCfg = fRelease|Win32
		{D0DF8387-AE6E-4C96-A422-C7EB741AAFB3}.fRelease|Win32.Build.0 = fRelease|Win32
		{D0DF8387-AE6E-4C96-A422-C7EB741AAFB3}.Release|Win32.ActiveCfg = Release|Win32
		{D0DF8387-AE6E-4C96-A422-C7EB741AAFB3}.Release|Win32.Build.0 = Release|Win32
	EndGlobalSection
	GlobalSection(SolutionProperties) = preSolution
		HideSolutionNode = FALSE
	EndGlobalSection
EndGlobal
